
Microsoft Visual Studio Solution File, Format Version 12.00
# Visual Studio Version 17
VisualStudioVersion = 17.0.32112.339
MinimumVisualStudioVersion = 10.0.40219.1
Project("{9A19103F-16F7-4668-BE54-9A1E7A4F7556}") = "ConsoleAPPWithDatatypes", "ConsoleAPPWithDatatypes\ConsoleAPPWithDatatypes.csproj", "{3C57067D-5000-4F06-B625-CD0BF191E68B}"
EndProject
Project("{9A19103F-16F7-4668-BE54-9A1E7A4F7556}") = "ConsoleAppDotnet5", "ConsoleAppDotnet5\ConsoleAppDotnet5.csproj", "{2B37B1D6-C3B7-4935-A890-08E018DC545B}"
EndProject
Project("{9A19103F-16F7-4668-BE54-9A1E7A4F7556}") = "OutAndRefKeyword", "OutAndRefKeyword\OutAndRefKeyword.csproj", "{5B3DC269-39C6-4F4D-BF0A-FD0D65B1DDD4}"
EndProject
Project("{FAE04EC0-301F-11D3-BF4B-00C04F79EFBC}") = "NullableTypes", "NullableTypes\NullableTypes.csproj", "{44EDF274-12E8-4440-9E7A-B598362DF3DB}"
EndProject
Project("{FAE04EC0-301F-11D3-BF4B-00C04F79EFBC}") = "ProductLibrary", "Product\ProductLibrary.csproj", "{033B812D-3826-4123-8DC4-53F7942C435F}"
EndProject
Project("{FAE04EC0-301F-11D3-BF4B-00C04F79EFBC}") = "ProductAPP", "ProductAPP\ProductAPP.csproj", "{C21036BC-A091-4990-8B75-D17F1A0F8E70}"
EndProject
Global
	GlobalSection(SolutionConfigurationPlatforms) = preSolution
		Debug|Any CPU = Debug|Any CPU
		Release|Any CPU = Release|Any CPU
	EndGlobalSection
	GlobalSection(ProjectConfigurationPlatforms) = postSolution
		{3C57067D-5000-4F06-B625-CD0BF191E68B}.Debug|Any CPU.ActiveCfg = Debug|Any CPU
		{3C57067D-5000-4F06-B625-CD0BF191E68B}.Debug|Any CPU.Build.0 = Debug|Any CPU
		{3C57067D-5000-4F06-B625-CD0BF191E68B}.Release|Any CPU.ActiveCfg = Release|Any CPU
		{3C57067D-5000-4F06-B625-CD0BF191E68B}.Release|Any CPU.Build.0 = Release|Any CPU
		{2B37B1D6-C3B7-4935-A890-08E018DC545B}.Debug|Any CPU.ActiveCfg = Debug|Any CPU
		{2B37B1D6-C3B7-4935-A890-08E018DC545B}.Debug|Any CPU.Build.0 = Debug|Any CPU
		{2B37B1D6-C3B7-4935-A890-08E018DC545B}.Release|Any CPU.ActiveCfg = Release|Any CPU
		{2B37B1D6-C3B7-4935-A890-08E018DC545B}.Release|Any CPU.Build.0 = Release|Any CPU
		{5B3DC269-39C6-4F4D-BF0A-FD0D65B1DDD4}.Debug|Any CPU.ActiveCfg = Debug|Any CPU
		{5B3DC269-39C6-4F4D-BF0A-FD0D65B1DDD4}.Debug|Any CPU.Build.0 = Debug|Any CPU
		{5B3DC269-39C6-4F4D-BF0A-FD0D65B1DDD4}.Release|Any CPU.ActiveCfg = Release|Any CPU
		{5B3DC269-39C6-4F4D-BF0A-FD0D65B1DDD4}.Release|Any CPU.Build.0 = Release|Any CPU
		{44EDF274-12E8-4440-9E7A-B598362DF3DB}.Debug|Any CPU.ActiveCfg = Debug|Any CPU
		{44EDF274-12E8-4440-9E7A-B598362DF3DB}.Debug|Any CPU.Build.0 = Debug|Any CPU
		{44EDF274-12E8-4440-9E7A-B598362DF3DB}.Release|Any CPU.ActiveCfg = Release|Any CPU
		{44EDF274-12E8-4440-9E7A-B598362DF3DB}.Release|Any CPU.Build.0 = Release|Any CPU
		{033B812D-3826-4123-8DC4-53F7942C435F}.Debug|Any CPU.ActiveCfg = Debug|Any CPU
		{033B812D-3826-4123-8DC4-53F7942C435F}.Debug|Any CPU.Build.0 = Debug|Any CPU
		{033B812D-3826-4123-8DC4-53F7942C435F}.Release|Any CPU.ActiveCfg = Release|Any CPU
		{033B812D-3826-4123-8DC4-53F7942C435F}.Release|Any CPU.Build.0 = Release|Any CPU
		{C21036BC-A091-4990-8B75-D17F1A0F8E70}.Debug|Any CPU.ActiveCfg = Debug|Any CPU
		{C21036BC-A091-4990-8B75-D17F1A0F8E70}.Debug|Any CPU.Build.0 = Debug|Any CPU
		{C21036BC-A091-4990-8B75-D17F1A0F8E70}.Release|Any CPU.ActiveCfg = Release|Any CPU
		{C21036BC-A091-4990-8B75-D17F1A0F8E70}.Release|Any CPU.Build.0 = Release|Any CPU
	EndGlobalSection
	GlobalSection(SolutionProperties) = preSolution
		HideSolutionNode = FALSE
	EndGlobalSection
	GlobalSection(ExtensibilityGlobals) = postSolution
		SolutionGuid = {0673F34E-E436-4D67-AF5D-91F05B9EAE0C}
	EndGlobalSection
EndGlobal
